
Microsoft Visual Studio Solution File, Format Version 12.00
# Visual Studio Version 17
VisualStudioVersion = 17.0.32112.339
MinimumVisualStudioVersion = 10.0.40219.1
Project("{2150E333-8FDC-42A3-9474-1A3956D46DE8}") = "Services", "Services", "{DB1F9701-525F-40EF-95B6-681511730414}"
EndProject
Project("{2150E333-8FDC-42A3-9474-1A3956D46DE8}") = "Catalog", "Catalog", "{1BEF6C75-84D4-4D66-A57D-04CB5E558017}"
EndProject
Project("{9A19103F-16F7-4668-BE54-9A1E7A4F7556}") = "Catalog.API", "Services\Catalog\Catalog.API\Catalog.API.csproj", "{90B1F552-9191-44D8-941C-9D464F01C352}"
EndProject
Project("{E53339B2-1760-4266-BCC7-CA923CBCF16C}") = "docker-compose", "docker-compose.dcproj", "{1832599E-2A01-4469-8723-92B29014D97A}"
EndProject
Project("{2150E333-8FDC-42A3-9474-1A3956D46DE8}") = "Basket", "Basket", "{0385C466-8B4E-45FB-AF09-704354330223}"
EndProject
Project("{9A19103F-16F7-4668-BE54-9A1E7A4F7556}") = "Basket.API", "Services\Basket\Basket.API\Basket.API.csproj", "{F1C0091E-A366-48DB-9478-1CD418316A4A}"
EndProject
Project("{2150E333-8FDC-42A3-9474-1A3956D46DE8}") = "Discount", "Discount", "{B507594F-312A-478B-B9DC-FFA54723794B}"
EndProject
Project("{9A19103F-16F7-4668-BE54-9A1E7A4F7556}") = "Discount.API", "Services\Discount\Discount.API\Discount.API.csproj", "{10DB7DBA-46D2-4350-9841-D05F00ABE1F2}"
EndProject
Project("{9A19103F-16F7-4668-BE54-9A1E7A4F7556}") = "Discount.GRPC", "Services\Discount\Discount.GRPC\Discount.GRPC.csproj", "{FC4863E0-E319-431B-BCF1-98D9B772A0B2}"
EndProject
Project("{2150E333-8FDC-42A3-9474-1A3956D46DE8}") = "Ordering", "Ordering", "{09523D4C-3597-4549-BC60-C7288208352B}"
EndProject
Project("{9A19103F-16F7-4668-BE54-9A1E7A4F7556}") = "Ordering.API", "Services\Ordering\Ordering.API\Ordering.API.csproj", "{0A4BE0E9-1B07-40E7-B6CC-6A99CBD8C55F}"
EndProject
Project("{9A19103F-16F7-4668-BE54-9A1E7A4F7556}") = "Ordering.Domain", "Services\Ordering\Ordering.Domain\Ordering.Domain.csproj", "{01B90763-6FDA-4A01-B66C-91663C8B6C4F}"
EndProject
Project("{9A19103F-16F7-4668-BE54-9A1E7A4F7556}") = "Ordering.Application", "Services\Ordering\Ordering.Application\Ordering.Application.csproj", "{784F54A7-8AEB-47FA-8803-F9083A8AB80F}"
EndProject
Project("{9A19103F-16F7-4668-BE54-9A1E7A4F7556}") = "Ordering.Infrastructure", "Services\Ordering\Ordering.Infrastructure\Ordering.Infrastructure.csproj", "{FFBA6443-847E-4ABD-8FB6-3753D35F8220}"
EndProject
Project("{2150E333-8FDC-42A3-9474-1A3956D46DE8}") = "BuildingBlocks", "BuildingBlocks", "{E51B8F82-52F0-4A87-B233-0131CA5A633A}"
EndProject
Project("{9A19103F-16F7-4668-BE54-9A1E7A4F7556}") = "EventBus.Messages", "BuildingBlocks\EventBus.Messages\EventBus.Messages.csproj", "{E6BE1620-C2F6-487B-9E43-C8CB8985F7FA}"
EndProject
Project("{2150E333-8FDC-42A3-9474-1A3956D46DE8}") = "ApiGateways", "ApiGateways", "{E878357A-81A8-4383-8F60-DD53B7E6EDC7}"
EndProject
Project("{9A19103F-16F7-4668-BE54-9A1E7A4F7556}") = "OcelotApiGw", "ApiGateways\OcelotApiGw\OcelotApiGw.csproj", "{19862448-6598-46D5-B20F-8582FE693BAC}"
EndProject
Project("{9A19103F-16F7-4668-BE54-9A1E7A4F7556}") = "Shopping.Aggregator", "ApiGateways\Shopping.Aggregator\Shopping.Aggregator.csproj", "{AE2124E5-EE05-4108-905D-36028B0D2578}"
EndProject
Project("{2150E333-8FDC-42A3-9474-1A3956D46DE8}") = "WebApps", "WebApps", "{A06E99E6-929D-4317-A2CF-639C200B50BD}"
EndProject
Project("{9A19103F-16F7-4668-BE54-9A1E7A4F7556}") = "AspnetRunBasics", "WebApps\AspnetRunBasics\AspnetRunBasics.csproj", "{E417E5BC-668F-48EF-BEE7-40504B779824}"
EndProject
Global
	GlobalSection(SolutionConfigurationPlatforms) = preSolution
		Debug|Any CPU = Debug|Any CPU
		Release|Any CPU = Release|Any CPU
	EndGlobalSection
	GlobalSection(ProjectConfigurationPlatforms) = postSolution
		{90B1F552-9191-44D8-941C-9D464F01C352}.Debug|Any CPU.ActiveCfg = Debug|Any CPU
		{90B1F552-9191-44D8-941C-9D464F01C352}.Debug|Any CPU.Build.0 = Debug|Any CPU
		{90B1F552-9191-44D8-941C-9D464F01C352}.Release|Any CPU.ActiveCfg = Release|Any CPU
		{90B1F552-9191-44D8-941C-9D464F01C352}.Release|Any CPU.Build.0 = Release|Any CPU
		{1832599E-2A01-4469-8723-92B29014D97A}.Debug|Any CPU.ActiveCfg = Debug|Any CPU
		{1832599E-2A01-4469-8723-92B29014D97A}.Debug|Any CPU.Build.0 = Debug|Any CPU
		{1832599E-2A01-4469-8723-92B29014D97A}.Release|Any CPU.ActiveCfg = Release|Any CPU
		{1832599E-2A01-4469-8723-92B29014D97A}.Release|Any CPU.Build.0 = Release|Any CPU
		{F1C0091E-A366-48DB-9478-1CD418316A4A}.Debug|Any CPU.ActiveCfg = Debug|Any CPU
		{F1C0091E-A366-48DB-9478-1CD418316A4A}.Debug|Any CPU.Build.0 = Debug|Any CPU
		{F1C0091E-A366-48DB-9478-1CD418316A4A}.Release|Any CPU.ActiveCfg = Release|Any CPU
		{F1C0091E-A366-48DB-9478-1CD418316A4A}.Release|Any CPU.Build.0 = Release|Any CPU
		{10DB7DBA-46D2-4350-9841-D05F00ABE1F2}.Debug|Any CPU.ActiveCfg = Debug|Any CPU
		{10DB7DBA-46D2-4350-9841-D05F00ABE1F2}.Debug|Any CPU.Build.0 = Debug|Any CPU
		{10DB7DBA-46D2-4350-9841-D05F00ABE1F2}.Release|Any CPU.ActiveCfg = Release|Any CPU
		{10DB7DBA-46D2-4350-9841-D05F00ABE1F2}.Release|Any CPU.Build.0 = Release|Any CPU
		{FC4863E0-E319-431B-BCF1-98D9B772A0B2}.Debug|Any CPU.ActiveCfg = Debug|Any CPU
		{FC4863E0-E319-431B-BCF1-98D9B772A0B2}.Debug|Any CPU.Build.0 = Debug|Any CPU
		{FC4863E0-E319-431B-BCF1-98D9B772A0B2}.Release|Any CPU.ActiveCfg = Release|Any CPU
		{FC4863E0-E319-431B-BCF1-98D9B772A0B2}.Release|Any CPU.Build.0 = Release|Any CPU
		{0A4BE0E9-1B07-40E7-B6CC-6A99CBD8C55F}.Debug|Any CPU.ActiveCfg = Debug|Any CPU
		{0A4BE0E9-1B07-40E7-B6CC-6A99CBD8C55F}.Debug|Any CPU.Build.0 = Debug|Any CPU
		{0A4BE0E9-1B07-40E7-B6CC-6A99CBD8C55F}.Release|Any CPU.ActiveCfg = Release|Any CPU
		{0A4BE0E9-1B07-40E7-B6CC-6A99CBD8C55F}.Release|Any CPU.Build.0 = Release|Any CPU
		{01B90763-6FDA-4A01-B66C-91663C8B6C4F}.Debug|Any CPU.ActiveCfg = Debug|Any CPU
		{01B90763-6FDA-4A01-B66C-91663C8B6C4F}.Debug|Any CPU.Build.0 = Debug|Any CPU
		{01B90763-6FDA-4A01-B66C-91663C8B6C4F}.Release|Any CPU.ActiveCfg = Release|Any CPU
		{01B90763-6FDA-4A01-B66C-91663C8B6C4F}.Release|Any CPU.Build.0 = Release|Any CPU
		{784F54A7-8AEB-47FA-8803-F9083A8AB80F}.Debug|Any CPU.ActiveCfg = Debug|Any CPU
		{784F54A7-8AEB-47FA-8803-F9083A8AB80F}.Debug|Any CPU.Build.0 = Debug|Any CPU
		{784F54A7-8AEB-47FA-8803-F9083A8AB80F}.Release|Any CPU.ActiveCfg = Release|Any CPU
		{784F54A7-8AEB-47FA-8803-F9083A8AB80F}.Release|Any CPU.Build.0 = Release|Any CPU
		{FFBA6443-847E-4ABD-8FB6-3753D35F8220}.Debug|Any CPU.ActiveCfg = Debug|Any CPU
		{FFBA6443-847E-4ABD-8FB6-3753D35F8220}.Debug|Any CPU.Build.0 = Debug|Any CPU
		{FFBA6443-847E-4ABD-8FB6-3753D35F8220}.Release|Any CPU.ActiveCfg = Release|Any CPU
		{FFBA6443-847E-4ABD-8FB6-3753D35F8220}.Release|Any CPU.Build.0 = Release|Any CPU
		{E6BE1620-C2F6-487B-9E43-C8CB8985F7FA}.Debug|Any CPU.ActiveCfg = Debug|Any CPU
		{E6BE1620-C2F6-487B-9E43-C8CB8985F7FA}.Debug|Any CPU.Build.0 = Debug|Any CPU
		{E6BE1620-C2F6-487B-9E43-C8CB8985F7FA}.Release|Any CPU.ActiveCfg = Release|Any CPU
		{E6BE1620-C2F6-487B-9E43-C8CB8985F7FA}.Release|Any CPU.Build.0 = Release|Any CPU
		{19862448-6598-46D5-B20F-8582FE693BAC}.Debug|Any CPU.ActiveCfg = Debug|Any CPU
		{19862448-6598-46D5-B20F-8582FE693BAC}.Debug|Any CPU.Build.0 = Debug|Any CPU
		{19862448-6598-46D5-B20F-8582FE693BAC}.Release|Any CPU.ActiveCfg = Release|Any CPU
		{19862448-6598-46D5-B20F-8582FE693BAC}.Release|Any CPU.Build.0 = Release|Any CPU
		{AE2124E5-EE05-4108-905D-36028B0D2578}.Debug|Any CPU.ActiveCfg = Debug|Any CPU
		{AE2124E5-EE05-4108-905D-36028B0D2578}.Debug|Any CPU.Build.0 = Debug|Any CPU
		{AE2124E5-EE05-4108-905D-36028B0D2578}.Release|Any CPU.ActiveCfg = Release|Any CPU
		{AE2124E5-EE05-4108-905D-36028B0D2578}.Release|Any CPU.Build.0 = Release|Any CPU
		{E417E5BC-668F-48EF-BEE7-40504B779824}.Debug|Any CPU.ActiveCfg = Debug|Any CPU
		{E417E5BC-668F-48EF-BEE7-40504B779824}.Debug|Any CPU.Build.0 = Debug|Any CPU
		{E417E5BC-668F-48EF-BEE7-40504B779824}.Release|Any CPU.ActiveCfg = Release|Any CPU
		{E417E5BC-668F-48EF-BEE7-40504B779824}.Release|Any CPU.Build.0 = Release|Any CPU
	EndGlobalSection
	GlobalSection(SolutionProperties) = preSolution
		HideSolutionNode = FALSE
	EndGlobalSection
	GlobalSection(NestedProjects) = preSolution
		{1BEF6C75-84D4-4D66-A57D-04CB5E558017} = {DB1F9701-525F-40EF-95B6-681511730414}
		{90B1F552-9191-44D8-941C-9D464F01C352} = {1BEF6C75-84D4-4D66-A57D-04CB5E558017}
		{0385C466-8B4E-45FB-AF09-704354330223} = {DB1F9701-525F-40EF-95B6-681511730414}
		{F1C0091E-A366-48DB-9478-1CD418316A4A} = {0385C466-8B4E-45FB-AF09-704354330223}
		{B507594F-312A-478B-B9DC-FFA54723794B} = {DB1F9701-525F-40EF-95B6-681511730414}
		{10DB7DBA-46D2-4350-9841-D05F00ABE1F2} = {B507594F-312A-478B-B9DC-FFA54723794B}
		{FC4863E0-E319-431B-BCF1-98D9B772A0B2} = {B507594F-312A-478B-B9DC-FFA54723794B}
		{09523D4C-3597-4549-BC60-C7288208352B} = {DB1F9701-525F-40EF-95B6-681511730414}
		{0A4BE0E9-1B07-40E7-B6CC-6A99CBD8C55F} = {09523D4C-3597-4549-BC60-C7288208352B}
		{01B90763-6FDA-4A01-B66C-91663C8B6C4F} = {09523D4C-3597-4549-BC60-C7288208352B}
		{784F54A7-8AEB-47FA-8803-F9083A8AB80F} = {09523D4C-3597-4549-BC60-C7288208352B}
		{FFBA6443-847E-4ABD-8FB6-3753D35F8220} = {09523D4C-3597-4549-BC60-C7288208352B}
		{E6BE1620-C2F6-487B-9E43-C8CB8985F7FA} = {E51B8F82-52F0-4A87-B233-0131CA5A633A}
		{19862448-6598-46D5-B20F-8582FE693BAC} = {E878357A-81A8-4383-8F60-DD53B7E6EDC7}
		{AE2124E5-EE05-4108-905D-36028B0D2578} = {E878357A-81A8-4383-8F60-DD53B7E6EDC7}
		{E417E5BC-668F-48EF-BEE7-40504B779824} = {A06E99E6-929D-4317-A2CF-639C200B50BD}
	EndGlobalSection
	GlobalSection(ExtensibilityGlobals) = postSolution
		SolutionGuid = {43248565-4CAF-47CF-B820-417F9D675C77}
	EndGlobalSection
EndGlobal
